{
  "name": "code-collection",
  "version": "1.0.0",
  "lockfileVersion": 1,
  "requires": true,
  "dependencies": {
    "asn1": {
      "version": "0.2.4",
      "resolved": "https://registry.npm.taobao.org/asn1/download/asn1-0.2.4.tgz",
      "integrity": "sha1-jSR136tVO7M+d7VOWeiAu4ziMTY=",
      "requires": {
        "safer-buffer": "~2.1.0"
      }
    },
    "jsencrypt": {
      "version": "3.0.0-rc.1",
      "resolved": "https://registry.npm.taobao.org/jsencrypt/download/jsencrypt-3.0.0-rc.1.tgz",
      "integrity": "sha1-DgpHRLpDzFV/tc9i/oZGvOtWGxw="
    },
    "node-rsa": {
      "version": "1.0.7",
      "resolved": "https://registry.npm.taobao.org/node-rsa/download/node-rsa-1.0.7.tgz",
      "integrity": "sha1-hbem1vqO5iS+ZAKmtBvkknLVgFU=",
      "requires": {
        "asn1": "^0.2.4"
      }
    },
    "safer-buffer": {
      "version": "2.1.2",
      "resolved": "https://registry.npm.taobao.org/safer-buffer/download/safer-buffer-2.1.2.tgz",
      "integrity": "sha1-RPoWGwGHuVSd2Eu5GAL5vYOFzWo="
    }
  }
}
